
Microsoft Visual Studio Solution File, Format Version 12.00
# Visual Studio 15
VisualStudioVersion = 15.0.28307.1082
MinimumVisualStudioVersion = 10.0.40219.1
Project("{FAE04EC0-301F-11D3-BF4B-00C04F79EFBC}") = "WebAPiClientProject", "WebAPiClientProject\WebAPiClientProject.csproj", "{9E70863D-F15D-4C20-9BCC-1C28AE7856EE}"
EndProject
Global
	GlobalSection(SolutionConfigurationPlatforms) = preSolution
		Debug|Any CPU = Debug|Any CPU
		Release|Any CPU = Release|Any CPU
	EndGlobalSection
	GlobalSection(ProjectConfigurationPlatforms) = postSolution
		{9E70863D-F15D-4C20-9BCC-1C28AE7856EE}.Debug|Any CPU.ActiveCfg = Debug|Any CPU
		{9E70863D-F15D-4C20-9BCC-1C28AE7856EE}.Debug|Any CPU.Build.0 = Debug|Any CPU
		{9E70863D-F15D-4C20-9BCC-1C28AE7856EE}.Release|Any CPU.ActiveCfg = Release|Any CPU
		{9E70863D-F15D-4C20-9BCC-1C28AE7856EE}.Release|Any CPU.Build.0 = Release|Any CPU
	EndGlobalSection
	GlobalSection(SolutionProperties) = preSolution
		HideSolutionNode = FALSE
	EndGlobalSection
	GlobalSection(ExtensibilityGlobals) = postSolution
		SolutionGuid = {86CD9E7E-29B4-4740-973D-B1679B9369BA}
	EndGlobalSection
EndGlobal
