
Microsoft Visual Studio Solution File, Format Version 12.00
# Visual Studio 15
VisualStudioVersion = 15.0.28307.1082
MinimumVisualStudioVersion = 10.0.40219.1
Project("{FAE04EC0-301F-11D3-BF4B-00C04F79EFBC}") = "ValidationExampleProject", "ValidationExampleProject\ValidationExampleProject.csproj", "{98674D88-7506-4DDA-8C3D-883BE3505BD7}"
EndProject
Global
	GlobalSection(SolutionConfigurationPlatforms) = preSolution
		Debug|Any CPU = Debug|Any CPU
		Release|Any CPU = Release|Any CPU
	EndGlobalSection
	GlobalSection(ProjectConfigurationPlatforms) = postSolution
		{98674D88-7506-4DDA-8C3D-883BE3505BD7}.Debug|Any CPU.ActiveCfg = Debug|Any CPU
		{98674D88-7506-4DDA-8C3D-883BE3505BD7}.Debug|Any CPU.Build.0 = Debug|Any CPU
		{98674D88-7506-4DDA-8C3D-883BE3505BD7}.Release|Any CPU.ActiveCfg = Release|Any CPU
		{98674D88-7506-4DDA-8C3D-883BE3505BD7}.Release|Any CPU.Build.0 = Release|Any CPU
	EndGlobalSection
	GlobalSection(SolutionProperties) = preSolution
		HideSolutionNode = FALSE
	EndGlobalSection
	GlobalSection(ExtensibilityGlobals) = postSolution
		SolutionGuid = {FA1F8E52-190A-45D2-B7DF-173A86522778}
	EndGlobalSection
EndGlobal
